
Microsoft Visual Studio Solution File, Format Version 12.00
# Visual Studio Version 16
VisualStudioVersion = 16.0.30517.126
MinimumVisualStudioVersion = 10.0.40219.1
Project("{FAE04EC0-301F-11D3-BF4B-00C04F79EFBC}") = "Gifter", "Gifter\Gifter.csproj", "{655C245B-F1F8-45A4-A36D-71B2F69655F6}"
EndProject
Global
	GlobalSection(SolutionConfigurationPlatforms) = preSolution
		Debug|Any CPU = Debug|Any CPU
		Release|Any CPU = Release|Any CPU
	EndGlobalSection
	GlobalSection(ProjectConfigurationPlatforms) = postSolution
		{655C245B-F1F8-45A4-A36D-71B2F69655F6}.Debug|Any CPU.ActiveCfg = Debug|Any CPU
		{655C245B-F1F8-45A4-A36D-71B2F69655F6}.Debug|Any CPU.Build.0 = Debug|Any CPU
		{655C245B-F1F8-45A4-A36D-71B2F69655F6}.Release|Any CPU.ActiveCfg = Release|Any CPU
		{655C245B-F1F8-45A4-A36D-71B2F69655F6}.Release|Any CPU.Build.0 = Release|Any CPU
	EndGlobalSection
	GlobalSection(SolutionProperties) = preSolution
		HideSolutionNode = FALSE
	EndGlobalSection
	GlobalSection(ExtensibilityGlobals) = postSolution
		SolutionGuid = {16C80A7B-8563-40E7-A3DF-268709DA7D94}
	EndGlobalSection
EndGlobal
